// !$*UTF8*$!
{
	archiveVersion = 1;
	classes = {
	};
	objectVersion = 46;
	objects = {

/* Begin PBXBuildFile section */
		AD1925DA16D60A8600521E1A /* MoreInfoViewController.m in Sources */ = {isa = PBXBuildFile; fileRef = AD1925D916D60A8600521E1A /* MoreInfoViewController.m */; };
		AD5599A916F1BACB002269D8 /* Model.xcdatamodeld in Sources */ = {isa = PBXBuildFile; fileRef = AD5599A716F1BACB002269D8 /* Model.xcdatamodeld */; };
		AD5599AC16F1BCC3002269D8 /* Movie.m in Sources */ = {isa = PBXBuildFile; fileRef = AD5599AB16F1BCC3002269D8 /* Movie.m */; };
		AD5599AF16F1BDA9002269D8 /* ArticleObjectManager.m in Sources */ = {isa = PBXBuildFile; fileRef = AD5599AE16F1BDA9002269D8 /* ArticleObjectManager.m */; };
		AD5599B216F1BE95002269D8 /* DataModel.m in Sources */ = {isa = PBXBuildFile; fileRef = AD5599B116F1BE95002269D8 /* DataModel.m */; };
		AD5599B416F1C40E002269D8 /* CoreData.framework in Frameworks */ = {isa = PBXBuildFile; fileRef = AD5599B316F1C40E002269D8 /* CoreData.framework */; };
		ADC349E716CB81DB0036E514 /* UIKit.framework in Frameworks */ = {isa = PBXBuildFile; fileRef = ADC349E616CB81DB0036E514 /* UIKit.framework */; };
		ADC349E916CB81DB0036E514 /* Foundation.framework in Frameworks */ = {isa = PBXBuildFile; fileRef = ADC349E816CB81DB0036E514 /* Foundation.framework */; };
		ADC349EB16CB81DB0036E514 /* CoreGraphics.framework in Frameworks */ = {isa = PBXBuildFile; fileRef = ADC349EA16CB81DB0036E514 /* CoreGraphics.framework */; };
		ADC349F116CB81DB0036E514 /* InfoPlist.strings in Resources */ = {isa = PBXBuildFile; fileRef = ADC349EF16CB81DB0036E514 /* InfoPlist.strings */; };
		ADC349F316CB81DB0036E514 /* main.m in Sources */ = {isa = PBXBuildFile; fileRef = ADC349F216CB81DB0036E514 /* main.m */; };
		ADC349F716CB81DB0036E514 /* AppDelegate.m in Sources */ = {isa = PBXBuildFile; fileRef = ADC349F616CB81DB0036E514 /* AppDelegate.m */; };
		ADC349F916CB81DB0036E514 /* Default.png in Resources */ = {isa = PBXBuildFile; fileRef = ADC349F816CB81DB0036E514 /* Default.png */; };
		ADC349FB16CB81DB0036E514 /* Default@2x.png in Resources */ = {isa = PBXBuildFile; fileRef = ADC349FA16CB81DB0036E514 /* Default@2x.png */; };
		ADC349FD16CB81DB0036E514 /* Default-568h@2x.png in Resources */ = {isa = PBXBuildFile; fileRef = ADC349FC16CB81DB0036E514 /* Default-568h@2x.png */; };
		ADC34A0016CB81DB0036E514 /* MainStoryboard.storyboard in Resources */ = {isa = PBXBuildFile; fileRef = ADC349FE16CB81DB0036E514 /* MainStoryboard.storyboard */; };
		ADC34A0B16CB89170036E514 /* MoviesViewController.m in Sources */ = {isa = PBXBuildFile; fileRef = ADC34A0A16CB89170036E514 /* MoviesViewController.m */; };
		DBCF4ACB91254F17B4335A14 /* libPods.a in Frameworks */ = {isa = PBXBuildFile; fileRef = 8B1FAF86CA3C4E54A8B0A573 /* libPods.a */; };
/* End PBXBuildFile section */

/* Begin PBXFileReference section */
		5B4B186BD3084156B4A3F2A3 /* Pods.xcconfig */ = {isa = PBXFileReference; includeInIndex = 1; lastKnownFileType = text.xcconfig; name = Pods.xcconfig; path = Pods/Pods.xcconfig; sourceTree = SOURCE_ROOT; };
		8B1FAF86CA3C4E54A8B0A573 /* libPods.a */ = {isa = PBXFileReference; explicitFileType = archive.ar; includeInIndex = 0; path = libPods.a; sourceTree = BUILT_PRODUCTS_DIR; };
		AD1925D816D60A8600521E1A /* MoreInfoViewController.h */ = {isa = PBXFileReference; fileEncoding = 4; lastKnownFileType = sourcecode.c.h; path = MoreInfoViewController.h; sourceTree = "<group>"; };
		AD1925D916D60A8600521E1A /* MoreInfoViewController.m */ = {isa = PBXFileReference; fileEncoding = 4; lastKnownFileType = sourcecode.c.objc; path = MoreInfoViewController.m; sourceTree = "<group>"; };
		AD5599A816F1BACB002269D8 /* Model.xcdatamodel */ = {isa = PBXFileReference; lastKnownFileType = wrapper.xcdatamodel; path = Model.xcdatamodel; sourceTree = "<group>"; };
		AD5599AA16F1BCC3002269D8 /* Movie.h */ = {isa = PBXFileReference; fileEncoding = 4; lastKnownFileType = sourcecode.c.h; path = Movie.h; sourceTree = "<group>"; };
		AD5599AB16F1BCC3002269D8 /* Movie.m */ = {isa = PBXFileReference; fileEncoding = 4; lastKnownFileType = sourcecode.c.objc; path = Movie.m; sourceTree = "<group>"; };
		AD5599AD16F1BDA9002269D8 /* ArticleObjectManager.h */ = {isa = PBXFileReference; fileEncoding = 4; lastKnownFileType = sourcecode.c.h; path = ArticleObjectManager.h; sourceTree = "<group>"; };
		AD5599AE16F1BDA9002269D8 /* ArticleObjectManager.m */ = {isa = PBXFileReference; fileEncoding = 4; lastKnownFileType = sourcecode.c.objc; path = ArticleObjectManager.m; sourceTree = "<group>"; };
		AD5599B016F1BE95002269D8 /* DataModel.h */ = {isa = PBXFileReference; fileEncoding = 4; lastKnownFileType = sourcecode.c.h; name = DataModel.h; path = ../DataModel.h; sourceTree = "<group>"; };
		AD5599B116F1BE95002269D8 /* DataModel.m */ = {isa = PBXFileReference; fileEncoding = 4; lastKnownFileType = sourcecode.c.objc; name = DataModel.m; path = ../DataModel.m; sourceTree = "<group>"; };
		AD5599B316F1C40E002269D8 /* CoreData.framework */ = {isa = PBXFileReference; lastKnownFileType = wrapper.framework; name = CoreData.framework; path = System/Library/Frameworks/CoreData.framework; sourceTree = SDKROOT; };
		ADC349E316CB81DB0036E514 /* IPProject.app */ = {isa = PBXFileReference; explicitFileType = wrapper.application; includeInIndex = 0; path = IPProject.app; sourceTree = BUILT_PRODUCTS_DIR; };
		ADC349E616CB81DB0036E514 /* UIKit.framework */ = {isa = PBXFileReference; lastKnownFileType = wrapper.framework; name = UIKit.framework; path = System/Library/Frameworks/UIKit.framework; sourceTree = SDKROOT; };
		ADC349E816CB81DB0036E514 /* Foundation.framework */ = {isa = PBXFileReference; lastKnownFileType = wrapper.framework; name = Foundation.framework; path = System/Library/Frameworks/Foundation.framework; sourceTree = SDKROOT; };
		ADC349EA16CB81DB0036E514 /* CoreGraphics.framework */ = {isa = PBXFileReference; lastKnownFileType = wrapper.framework; name = CoreGraphics.framework; path = System/Library/Frameworks/CoreGraphics.framework; sourceTree = SDKROOT; };
		ADC349EE16CB81DB0036E514 /* IPProject-Info.plist */ = {isa = PBXFileReference; lastKnownFileType = text.plist.xml; path = "IPProject-Info.plist"; sourceTree = "<group>"; };
		ADC349F016CB81DB0036E514 /* en */ = {isa = PBXFileReference; lastKnownFileType = text.plist.strings; name = en; path = en.lproj/InfoPlist.strings; sourceTree = "<group>"; };
		ADC349F216CB81DB0036E514 /* main.m */ = {isa = PBXFileReference; lastKnownFileType = sourcecode.c.objc; path = main.m; sourceTree = "<group>"; };
		ADC349F416CB81DB0036E514 /* IPProject-Prefix.pch */ = {isa = PBXFileReference; lastKnownFileType = sourcecode.c.h; path = "IPProject-Prefix.pch"; sourceTree = "<group>"; };
		ADC349F516CB81DB0036E514 /* AppDelegate.h */ = {isa = PBXFileReference; lastKnownFileType = sourcecode.c.h; path = AppDelegate.h; sourceTree = "<group>"; };
		ADC349F616CB81DB0036E514 /* AppDelegate.m */ = {isa = PBXFileReference; lastKnownFileType = sourcecode.c.objc; path = AppDelegate.m; sourceTree = "<group>"; };
		ADC349F816CB81DB0036E514 /* Default.png */ = {isa = PBXFileReference; lastKnownFileType = image.png; path = Default.png; sourceTree = "<group>"; };
		ADC349FA16CB81DB0036E514 /* Default@2x.png */ = {isa = PBXFileReference; lastKnownFileType = image.png; path = "Default@2x.png"; sourceTree = "<group>"; };
		ADC349FC16CB81DB0036E514 /* Default-568h@2x.png */ = {isa = PBXFileReference; lastKnownFileType = image.png; path = "Default-568h@2x.png"; sourceTree = "<group>"; };
		ADC349FF16CB81DB0036E514 /* en */ = {isa = PBXFileReference; lastKnownFileType = file.storyboard; name = en; path = en.lproj/MainStoryboard.storyboard; sourceTree = "<group>"; };
		ADC34A0916CB89170036E514 /* MoviesViewController.h */ = {isa = PBXFileReference; fileEncoding = 4; lastKnownFileType = sourcecode.c.h; path = MoviesViewController.h; sourceTree = "<group>"; };
		ADC34A0A16CB89170036E514 /* MoviesViewController.m */ = {isa = PBXFileReference; fileEncoding = 4; lastKnownFileType = sourcecode.c.objc; path = MoviesViewController.m; sourceTree = "<group>"; };
/* End PBXFileReference section */

/* Begin PBXFrameworksBuildPhase section */
		ADC349E016CB81DB0036E514 /* Frameworks */ = {
			isa = PBXFrameworksBuildPhase;
			buildActionMask = 2147483647;
			files = (
				AD5599B416F1C40E002269D8 /* CoreData.framework in Frameworks */,
				ADC349E716CB81DB0036E514 /* UIKit.framework in Frameworks */,
				ADC349E916CB81DB0036E514 /* Foundation.framework in Frameworks */,
				ADC349EB16CB81DB0036E514 /* CoreGraphics.framework in Frameworks */,
				DBCF4ACB91254F17B4335A14 /* libPods.a in Frameworks */,
			);
			runOnlyForDeploymentPostprocessing = 0;
		};
/* End PBXFrameworksBuildPhase section */

/* Begin PBXGroup section */
		ADC349DA16CB81DB0036E514 = {
			isa = PBXGroup;
			children = (
				ADC349EC16CB81DB0036E514 /* IPProject */,
				ADC349E516CB81DB0036E514 /* Frameworks */,
				ADC349E416CB81DB0036E514 /* Products */,
				5B4B186BD3084156B4A3F2A3 /* Pods.xcconfig */,
			);
			sourceTree = "<group>";
		};
		ADC349E416CB81DB0036E514 /* Products */ = {
			isa = PBXGroup;
			children = (
				ADC349E316CB81DB0036E514 /* IPProject.app */,
			);
			name = Products;
			sourceTree = "<group>";
		};
		ADC349E516CB81DB0036E514 /* Frameworks */ = {
			isa = PBXGroup;
			children = (
				AD5599B316F1C40E002269D8 /* CoreData.framework */,
				ADC349E616CB81DB0036E514 /* UIKit.framework */,
				ADC349E816CB81DB0036E514 /* Foundation.framework */,
				ADC349EA16CB81DB0036E514 /* CoreGraphics.framework */,
				8B1FAF86CA3C4E54A8B0A573 /* libPods.a */,
			);
			name = Frameworks;
			sourceTree = "<group>";
		};
		ADC349EC16CB81DB0036E514 /* IPProject */ = {
			isa = PBXGroup;
			children = (
				AD5599B016F1BE95002269D8 /* DataModel.h */,
				AD5599B116F1BE95002269D8 /* DataModel.m */,
				AD5599AD16F1BDA9002269D8 /* ArticleObjectManager.h */,
				AD5599AE16F1BDA9002269D8 /* ArticleObjectManager.m */,
				ADC349F516CB81DB0036E514 /* AppDelegate.h */,
				ADC349F616CB81DB0036E514 /* AppDelegate.m */,
				ADC349FE16CB81DB0036E514 /* MainStoryboard.storyboard */,
				AD1925D816D60A8600521E1A /* MoreInfoViewController.h */,
				AD1925D916D60A8600521E1A /* MoreInfoViewController.m */,
				AD5599A716F1BACB002269D8 /* Model.xcdatamodeld */,
				AD5599AA16F1BCC3002269D8 /* Movie.h */,
				AD5599AB16F1BCC3002269D8 /* Movie.m */,
				ADC34A0916CB89170036E514 /* MoviesViewController.h */,
				ADC34A0A16CB89170036E514 /* MoviesViewController.m */,
				ADC349ED16CB81DB0036E514 /* Supporting Files */,
			);
			path = IPProject;
			sourceTree = "<group>";
		};
		ADC349ED16CB81DB0036E514 /* Supporting Files */ = {
			isa = PBXGroup;
			children = (
				ADC349EE16CB81DB0036E514 /* IPProject-Info.plist */,
				ADC349EF16CB81DB0036E514 /* InfoPlist.strings */,
				ADC349F216CB81DB0036E514 /* main.m */,
				ADC349F416CB81DB0036E514 /* IPProject-Prefix.pch */,
				ADC349F816CB81DB0036E514 /* Default.png */,
				ADC349FA16CB81DB0036E514 /* Default@2x.png */,
				ADC349FC16CB81DB0036E514 /* Default-568h@2x.png */,
			);
			name = "Supporting Files";
			sourceTree = "<group>";
		};
/* End PBXGroup section */

/* Begin PBXNativeTarget section */
		ADC349E216CB81DB0036E514 /* IPProject */ = {
			isa = PBXNativeTarget;
			buildConfigurationList = ADC34A0616CB81DB0036E514 /* Build configuration list for PBXNativeTarget "IPProject" */;
			buildPhases = (
				ADC349DF16CB81DB0036E514 /* Sources */,
				ADC349E016CB81DB0036E514 /* Frameworks */,
				ADC349E116CB81DB0036E514 /* Resources */,
				036CCF2D251B409DA2DCEEE4 /* Copy Pods Resources */,
			);
			buildRules = (
			);
			dependencies = (
			);
			name = IPProject;
			productName = IPProject;
			productReference = ADC349E316CB81DB0036E514 /* IPProject.app */;
			productType = "com.apple.product-type.application";
		};
/* End PBXNativeTarget section */

/* Begin PBXProject section */
		ADC349DB16CB81DB0036E514 /* Project object */ = {
			isa = PBXProject;
			attributes = {
				LastUpgradeCheck = 0460;
				ORGANIZATIONNAME = "Nick Nikolov";
			};
			buildConfigurationList = ADC349DE16CB81DB0036E514 /* Build configuration list for PBXProject "IPProject" */;
			compatibilityVersion = "Xcode 3.2";
			developmentRegion = English;
			hasScannedForEncodings = 0;
			knownRegions = (
				en,
			);
			mainGroup = ADC349DA16CB81DB0036E514;
			productRefGroup = ADC349E416CB81DB0036E514 /* Products */;
			projectDirPath = "";
			projectRoot = "";
			targets = (
				ADC349E216CB81DB0036E514 /* IPProject */,
			);
		};
/* End PBXProject section */

/* Begin PBXResourcesBuildPhase section */
		ADC349E116CB81DB0036E514 /* Resources */ = {
			isa = PBXResourcesBuildPhase;
			buildActionMask = 2147483647;
			files = (
				ADC349F116CB81DB0036E514 /* InfoPlist.strings in Resources */,
				ADC349F916CB81DB0036E514 /* Default.png in Resources */,
				ADC349FB16CB81DB0036E514 /* Default@2x.png in Resources */,
				ADC349FD16CB81DB0036E514 /* Default-568h@2x.png in Resources */,
				ADC34A0016CB81DB0036E514 /* MainStoryboard.storyboard in Resources */,
			);
			runOnlyForDeploymentPostprocessing = 0;
		};
/* End PBXResourcesBuildPhase section */

/* Begin PBXShellScriptBuildPhase section */
		036CCF2D251B409DA2DCEEE4 /* Copy Pods Resources */ = {
			isa = PBXShellScriptBuildPhase;
			buildActionMask = 2147483647;
			files = (
			);
			inputPaths = (
			);
			name = "Copy Pods Resources";
			outputPaths = (
			);
			runOnlyForDeploymentPostprocessing = 0;
			shellPath = /bin/sh;
			shellScript = "\"${SRCROOT}/Pods/Pods-resources.sh\"\n";
		};
/* End PBXShellScriptBuildPhase section */

/* Begin PBXSourcesBuildPhase section */
		ADC349DF16CB81DB0036E514 /* Sources */ = {
			isa = PBXSourcesBuildPhase;
			buildActionMask = 2147483647;
			files = (
				ADC349F316CB81DB0036E514 /* main.m in Sources */,
				ADC349F716CB81DB0036E514 /* AppDelegate.m in Sources */,
				ADC34A0B16CB89170036E514 /* MoviesViewController.m in Sources */,
				AD1925DA16D60A8600521E1A /* MoreInfoViewController.m in Sources */,
				AD5599A916F1BACB002269D8 /* Model.xcdatamodeld in Sources */,
				AD5599AC16F1BCC3002269D8 /* Movie.m in Sources */,
				AD5599AF16F1BDA9002269D8 /* ArticleObjectManager.m in Sources */,
				AD5599B216F1BE95002269D8 /* DataModel.m in Sources */,
			);
			runOnlyForDeploymentPostprocessing = 0;
		};
/* End PBXSourcesBuildPhase section */

/* Begin PBXVariantGroup section */
		ADC349EF16CB81DB0036E514 /* InfoPlist.strings */ = {
			isa = PBXVariantGroup;
			children = (
				ADC349F016CB81DB0036E514 /* en */,
			);
			name = InfoPlist.strings;
			sourceTree = "<group>";
		};
		ADC349FE16CB81DB0036E514 /* MainStoryboard.storyboard */ = {
			isa = PBXVariantGroup;
			children = (
				ADC349FF16CB81DB0036E514 /* en */,
			);
			name = MainStoryboard.storyboard;
			sourceTree = "<group>";
		};
/* End PBXVariantGroup section */

/* Begin XCBuildConfiguration section */
		ADC34A0416CB81DB0036E514 /* Debug */ = {
			isa = XCBuildConfiguration;
			buildSettings = {
				ALWAYS_SEARCH_USER_PATHS = NO;
				CLANG_CXX_LANGUAGE_STANDARD = "gnu++0x";
				CLANG_CXX_LIBRARY = "libc++";
				CLANG_ENABLE_OBJC_ARC = YES;
				CLANG_WARN_CONSTANT_CONVERSION = YES;
				CLANG_WARN_EMPTY_BODY = YES;
				CLANG_WARN_ENUM_CONVERSION = YES;
				CLANG_WARN_INT_CONVERSION = YES;
				CLANG_WARN__DUPLICATE_METHOD_MATCH = YES;
				"CODE_SIGN_IDENTITY[sdk=iphoneos*]" = "iPhone Developer";
				COPY_PHASE_STRIP = NO;
				GCC_C_LANGUAGE_STANDARD = gnu99;
				GCC_DYNAMIC_NO_PIC = NO;
				GCC_OPTIMIZATION_LEVEL = 0;
				GCC_PREPROCESSOR_DEFINITIONS = (
					"DEBUG=1",
					"$(inherited)",
				);
				GCC_SYMBOLS_PRIVATE_EXTERN = NO;
				GCC_WARN_ABOUT_RETURN_TYPE = YES;
				GCC_WARN_UNINITIALIZED_AUTOS = YES;
				GCC_WARN_UNUSED_VARIABLE = YES;
				IPHONEOS_DEPLOYMENT_TARGET = 6.1;
				ONLY_ACTIVE_ARCH = YES;
				SDKROOT = iphoneos;
			};
			name = Debug;
		};
		ADC34A0516CB81DB0036E514 /* Release */ = {
			isa = XCBuildConfiguration;
			buildSettings = {
				ALWAYS_SEARCH_USER_PATHS = NO;
				CLANG_CXX_LANGUAGE_STANDARD = "gnu++0x";
				CLANG_CXX_LIBRARY = "libc++";
				CLANG_ENABLE_OBJC_ARC = YES;
				CLANG_WARN_CONSTANT_CONVERSION = YES;
				CLANG_WARN_EMPTY_BODY = YES;
				CLANG_WARN_ENUM_CONVERSION = YES;
				CLANG_WARN_INT_CONVERSION = YES;
				CLANG_WARN__DUPLICATE_METHOD_MATCH = YES;
				"CODE_SIGN_IDENTITY[sdk=iphoneos*]" = "iPhone Developer";
				COPY_PHASE_STRIP = YES;
				GCC_C_LANGUAGE_STANDARD = gnu99;
				GCC_WARN_ABOUT_RETURN_TYPE = YES;
				GCC_WARN_UNINITIALIZED_AUTOS = YES;
				GCC_WARN_UNUSED_VARIABLE = YES;
				IPHONEOS_DEPLOYMENT_TARGET = 6.1;
				OTHER_CFLAGS = "-DNS_BLOCK_ASSERTIONS=1";
				SDKROOT = iphoneos;
				VALIDATE_PRODUCT = YES;
			};
			name = Release;
		};
		ADC34A0716CB81DB0036E514 /* Debug */ = {
			isa = XCBuildConfiguration;
			baseConfigurationReference = 5B4B186BD3084156B4A3F2A3 /* Pods.xcconfig */;
			buildSettings = {
				GCC_PRECOMPILE_PREFIX_HEADER = YES;
				GCC_PREFIX_HEADER = "IPProject/IPProject-Prefix.pch";
				INFOPLIST_FILE = "IPProject/IPProject-Info.plist";
				PRODUCT_NAME = "$(TARGET_NAME)";
				WRAPPER_EXTENSION = app;
			};
			name = Debug;
		};
		ADC34A0816CB81DB0036E514 /* Release */ = {
			isa = XCBuildConfiguration;
			baseConfigurationReference = 5B4B186BD3084156B4A3F2A3 /* Pods.xcconfig */;
			buildSettings = {
				GCC_PRECOMPILE_PREFIX_HEADER = YES;
				GCC_PREFIX_HEADER = "IPProject/IPProject-Prefix.pch";
				INFOPLIST_FILE = "IPProject/IPProject-Info.plist";
				PRODUCT_NAME = "$(TARGET_NAME)";
				WRAPPER_EXTENSION = app;
			};
			name = Release;
		};
/* End XCBuildConfiguration section */

/* Begin XCConfigurationList section */
		ADC349DE16CB81DB0036E514 /* Build configuration list for PBXProject "IPProject" */ = {
			isa = XCConfigurationList;
			buildConfigurations = (
				ADC34A0416CB81DB0036E514 /* Debug */,
				ADC34A0516CB81DB0036E514 /* Release */,
			);
			defaultConfigurationIsVisible = 0;
			defaultConfigurationName = Release;
		};
		ADC34A0616CB81DB0036E514 /* Build configuration list for PBXNativeTarget "IPProject" */ = {
			isa = XCConfigurationList;
			buildConfigurations = (
				ADC34A0716CB81DB0036E514 /* Debug */,
				ADC34A0816CB81DB0036E514 /* Release */,
			);
			defaultConfigurationIsVisible = 0;
			defaultConfigurationName = Release;
		};
/* End XCConfigurationList section */

/* Begin XCVersionGroup section */
		AD5599A716F1BACB002269D8 /* Model.xcdatamodeld */ = {
			isa = XCVersionGroup;
			children = (
				AD5599A816F1BACB002269D8 /* Model.xcdatamodel */,
			);
			currentVersion = AD5599A816F1BACB002269D8 /* Model.xcdatamodel */;
			path = Model.xcdatamodeld;
			sourceTree = "<group>";
			versionGroupType = wrapper.xcdatamodel;
		};
/* End XCVersionGroup section */
	};
	rootObject = ADC349DB16CB81DB0036E514 /* Project object */;
}
